
Microsoft Visual Studio Solution File, Format Version 12.00
# Visual Studio Version 17
VisualStudioVersion = 17.3.32819.101
MinimumVisualStudioVersion = 10.0.40219.1
Project("{9A19103F-16F7-4668-BE54-9A1E7A4F7556}") = "PedraPapelTesoura.Api", "src\PedraPapelTesoura.Api\PedraPapelTesoura.Api.csproj", "{8532F152-3DDD-40D4-BC94-D1A8D3CBFEDE}"
EndProject
Project("{2150E333-8FDC-42A3-9474-1A3956D46DE8}") = "Api", "Api", "{381F2E1F-11A8-4969-9BD9-BF1210F6352F}"
EndProject
Project("{2150E333-8FDC-42A3-9474-1A3956D46DE8}") = "Forms", "Forms", "{F794C80D-C419-4A84-93EE-B4EB54B40374}"
EndProject
Project("{9A19103F-16F7-4668-BE54-9A1E7A4F7556}") = "PedraPapelTesoura.Tela", "src\PedraPapelTesoura.Tela\PedraPapelTesoura.Tela.csproj", "{0D646170-3018-4E82-9DEB-870365DBD853}"
EndProject
Project("{2150E333-8FDC-42A3-9474-1A3956D46DE8}") = "Core", "Core", "{8CB68075-2C06-4390-B438-450BF6A5F16A}"
EndProject
Project("{9A19103F-16F7-4668-BE54-9A1E7A4F7556}") = "PedraPapelTesoura.Application", "src\PedraPapelTesoura.Application\PedraPapelTesoura.Application.csproj", "{4DA7A5B9-061E-4748-8A32-742A713EE623}"
EndProject
Project("{9A19103F-16F7-4668-BE54-9A1E7A4F7556}") = "PedraPapelTesoura.Domain", "src\PedraPapelTesoura.Domain\PedraPapelTesoura.Domain.csproj", "{487E5395-8A7E-4E2C-BED1-5D2BDE35EE2C}"
EndProject
Global
	GlobalSection(SolutionConfigurationPlatforms) = preSolution
		Debug|Any CPU = Debug|Any CPU
		Release|Any CPU = Release|Any CPU
	EndGlobalSection
	GlobalSection(ProjectConfigurationPlatforms) = postSolution
		{8532F152-3DDD-40D4-BC94-D1A8D3CBFEDE}.Debug|Any CPU.ActiveCfg = Debug|Any CPU
		{8532F152-3DDD-40D4-BC94-D1A8D3CBFEDE}.Debug|Any CPU.Build.0 = Debug|Any CPU
		{8532F152-3DDD-40D4-BC94-D1A8D3CBFEDE}.Release|Any CPU.ActiveCfg = Release|Any CPU
		{8532F152-3DDD-40D4-BC94-D1A8D3CBFEDE}.Release|Any CPU.Build.0 = Release|Any CPU
		{0D646170-3018-4E82-9DEB-870365DBD853}.Debug|Any CPU.ActiveCfg = Debug|Any CPU
		{0D646170-3018-4E82-9DEB-870365DBD853}.Debug|Any CPU.Build.0 = Debug|Any CPU
		{0D646170-3018-4E82-9DEB-870365DBD853}.Release|Any CPU.ActiveCfg = Release|Any CPU
		{0D646170-3018-4E82-9DEB-870365DBD853}.Release|Any CPU.Build.0 = Release|Any CPU
		{4DA7A5B9-061E-4748-8A32-742A713EE623}.Debug|Any CPU.ActiveCfg = Debug|Any CPU
		{4DA7A5B9-061E-4748-8A32-742A713EE623}.Debug|Any CPU.Build.0 = Debug|Any CPU
		{4DA7A5B9-061E-4748-8A32-742A713EE623}.Release|Any CPU.ActiveCfg = Release|Any CPU
		{4DA7A5B9-061E-4748-8A32-742A713EE623}.Release|Any CPU.Build.0 = Release|Any CPU
		{487E5395-8A7E-4E2C-BED1-5D2BDE35EE2C}.Debug|Any CPU.ActiveCfg = Debug|Any CPU
		{487E5395-8A7E-4E2C-BED1-5D2BDE35EE2C}.Debug|Any CPU.Build.0 = Debug|Any CPU
		{487E5395-8A7E-4E2C-BED1-5D2BDE35EE2C}.Release|Any CPU.ActiveCfg = Release|Any CPU
		{487E5395-8A7E-4E2C-BED1-5D2BDE35EE2C}.Release|Any CPU.Build.0 = Release|Any CPU
	EndGlobalSection
	GlobalSection(SolutionProperties) = preSolution
		HideSolutionNode = FALSE
	EndGlobalSection
	GlobalSection(NestedProjects) = preSolution
		{8532F152-3DDD-40D4-BC94-D1A8D3CBFEDE} = {381F2E1F-11A8-4969-9BD9-BF1210F6352F}
		{0D646170-3018-4E82-9DEB-870365DBD853} = {F794C80D-C419-4A84-93EE-B4EB54B40374}
		{4DA7A5B9-061E-4748-8A32-742A713EE623} = {8CB68075-2C06-4390-B438-450BF6A5F16A}
		{487E5395-8A7E-4E2C-BED1-5D2BDE35EE2C} = {8CB68075-2C06-4390-B438-450BF6A5F16A}
	EndGlobalSection
	GlobalSection(ExtensibilityGlobals) = postSolution
		SolutionGuid = {3DA1015D-58C9-4F35-91F6-118C46269DC9}
	EndGlobalSection
EndGlobal
